
Microsoft Visual Studio Solution File, Format Version 12.00
# Visual Studio 15
VisualStudioVersion = 15.0.27703.2000
MinimumVisualStudioVersion = 10.0.40219.1
Project("{FAE04EC0-301F-11D3-BF4B-00C04F79EFBC}") = "PalTripAdvisor", "PalTripAdvisor\PalTripAdvisor.csproj", "{20C89520-1140-4213-9877-9BD49CE4A4CD}"
EndProject
Project("{FAE04EC0-301F-11D3-BF4B-00C04F79EFBC}") = "DataLayer", "DataLayer\DataLayer.csproj", "{1C2F2B29-53F7-4FF3-A2F3-E5E9D28BCDA1}"
EndProject
Project("{FAE04EC0-301F-11D3-BF4B-00C04F79EFBC}") = "CurrencyFeed", "CurrencyFeed\CurrencyFeed.csproj", "{8C7F7043-21FB-4A07-AC57-88C8EFE0D7F5}"
EndProject
Global
	GlobalSection(SolutionConfigurationPlatforms) = preSolution
		Debug|Any CPU = Debug|Any CPU
		Release|Any CPU = Release|Any CPU
	EndGlobalSection
	GlobalSection(ProjectConfigurationPlatforms) = postSolution
		{20C89520-1140-4213-9877-9BD49CE4A4CD}.Debug|Any CPU.ActiveCfg = Debug|Any CPU
		{20C89520-1140-4213-9877-9BD49CE4A4CD}.Debug|Any CPU.Build.0 = Debug|Any CPU
		{20C89520-1140-4213-9877-9BD49CE4A4CD}.Release|Any CPU.ActiveCfg = Release|Any CPU
		{20C89520-1140-4213-9877-9BD49CE4A4CD}.Release|Any CPU.Build.0 = Release|Any CPU
		{1C2F2B29-53F7-4FF3-A2F3-E5E9D28BCDA1}.Debug|Any CPU.ActiveCfg = Debug|Any CPU
		{1C2F2B29-53F7-4FF3-A2F3-E5E9D28BCDA1}.Debug|Any CPU.Build.0 = Debug|Any CPU
		{1C2F2B29-53F7-4FF3-A2F3-E5E9D28BCDA1}.Release|Any CPU.ActiveCfg = Release|Any CPU
		{1C2F2B29-53F7-4FF3-A2F3-E5E9D28BCDA1}.Release|Any CPU.Build.0 = Release|Any CPU
		{8C7F7043-21FB-4A07-AC57-88C8EFE0D7F5}.Debug|Any CPU.ActiveCfg = Debug|Any CPU
		{8C7F7043-21FB-4A07-AC57-88C8EFE0D7F5}.Debug|Any CPU.Build.0 = Debug|Any CPU
		{8C7F7043-21FB-4A07-AC57-88C8EFE0D7F5}.Release|Any CPU.ActiveCfg = Release|Any CPU
		{8C7F7043-21FB-4A07-AC57-88C8EFE0D7F5}.Release|Any CPU.Build.0 = Release|Any CPU
	EndGlobalSection
	GlobalSection(SolutionProperties) = preSolution
		HideSolutionNode = FALSE
	EndGlobalSection
	GlobalSection(ExtensibilityGlobals) = postSolution
		SolutionGuid = {2E20E55E-D4CA-4BEF-B8BE-78F29A4470E8}
	EndGlobalSection
EndGlobal
